
Microsoft Visual Studio Solution File, Format Version 12.00
# Visual Studio 15
VisualStudioVersion = 15.0.27130.2010
MinimumVisualStudioVersion = 10.0.40219.1
Project("{8BC9CEB8-8B4A-11D0-8D11-00A0C91BC942}") = "Strategy", "Strategy\Strategy.vcxproj", "{A5B81AD2-049A-41D6-8D80-31369358446E}"
EndProject
Project("{8BC9CEB8-8B4A-11D0-8D11-00A0C91BC942}") = "Observer", "Observer\Observer.vcxproj", "{300BA1FC-982A-46CA-AB5A-6E3A115C9484}"
EndProject
Project("{8BC9CEB8-8B4A-11D0-8D11-00A0C91BC942}") = "Decorator", "Decorator\Decorator.vcxproj", "{A52C8814-0383-4A37-84BA-9764F0B85F6D}"
EndProject
Global
	GlobalSection(SolutionConfigurationPlatforms) = preSolution
		Debug|x64 = Debug|x64
		Debug|x86 = Debug|x86
		Release|x64 = Release|x64
		Release|x86 = Release|x86
	EndGlobalSection
	GlobalSection(ProjectConfigurationPlatforms) = postSolution
		{A5B81AD2-049A-41D6-8D80-31369358446E}.Debug|x64.ActiveCfg = Debug|x64
		{A5B81AD2-049A-41D6-8D80-31369358446E}.Debug|x64.Build.0 = Debug|x64
		{A5B81AD2-049A-41D6-8D80-31369358446E}.Debug|x86.ActiveCfg = Debug|Win32
		{A5B81AD2-049A-41D6-8D80-31369358446E}.Debug|x86.Build.0 = Debug|Win32
		{A5B81AD2-049A-41D6-8D80-31369358446E}.Release|x64.ActiveCfg = Release|x64
		{A5B81AD2-049A-41D6-8D80-31369358446E}.Release|x64.Build.0 = Release|x64
		{A5B81AD2-049A-41D6-8D80-31369358446E}.Release|x86.ActiveCfg = Release|Win32
		{A5B81AD2-049A-41D6-8D80-31369358446E}.Release|x86.Build.0 = Release|Win32
		{300BA1FC-982A-46CA-AB5A-6E3A115C9484}.Debug|x64.ActiveCfg = Debug|x64
		{300BA1FC-982A-46CA-AB5A-6E3A115C9484}.Debug|x64.Build.0 = Debug|x64
		{300BA1FC-982A-46CA-AB5A-6E3A115C9484}.Debug|x86.ActiveCfg = Debug|Win32
		{300BA1FC-982A-46CA-AB5A-6E3A115C9484}.Debug|x86.Build.0 = Debug|Win32
		{300BA1FC-982A-46CA-AB5A-6E3A115C9484}.Release|x64.ActiveCfg = Release|x64
		{300BA1FC-982A-46CA-AB5A-6E3A115C9484}.Release|x64.Build.0 = Release|x64
		{300BA1FC-982A-46CA-AB5A-6E3A115C9484}.Release|x86.ActiveCfg = Release|Win32
		{300BA1FC-982A-46CA-AB5A-6E3A115C9484}.Release|x86.Build.0 = Release|Win32
		{A52C8814-0383-4A37-84BA-9764F0B85F6D}.Debug|x64.ActiveCfg = Debug|x64
		{A52C8814-0383-4A37-84BA-9764F0B85F6D}.Debug|x64.Build.0 = Debug|x64
		{A52C8814-0383-4A37-84BA-9764F0B85F6D}.Debug|x86.ActiveCfg = Debug|Win32
		{A52C8814-0383-4A37-84BA-9764F0B85F6D}.Debug|x86.Build.0 = Debug|Win32
		{A52C8814-0383-4A37-84BA-9764F0B85F6D}.Release|x64.ActiveCfg = Release|x64
		{A52C8814-0383-4A37-84BA-9764F0B85F6D}.Release|x64.Build.0 = Release|x64
		{A52C8814-0383-4A37-84BA-9764F0B85F6D}.Release|x86.ActiveCfg = Release|Win32
		{A52C8814-0383-4A37-84BA-9764F0B85F6D}.Release|x86.Build.0 = Release|Win32
	EndGlobalSection
	GlobalSection(SolutionProperties) = preSolution
		HideSolutionNode = FALSE
	EndGlobalSection
	GlobalSection(ExtensibilityGlobals) = postSolution
		SolutionGuid = {17561AE4-20A1-49BA-BD0D-358034D59BEB}
	EndGlobalSection
EndGlobal
